
Microsoft Visual Studio Solution File, Format Version 12.00
# Visual Studio Version 17
VisualStudioVersion = 17.13.35919.96
MinimumVisualStudioVersion = 10.0.40219.1
Project("{FAE04EC0-301F-11D3-BF4B-00C04F79EFBC}") = "EEMathLib", "EEMathLib\EEMathLib.csproj", "{7998A86E-EAA6-490D-996D-B39250F20251}"
EndProject
Project("{FAE04EC0-301F-11D3-BF4B-00C04F79EFBC}") = "TestUnit", "TestUnit\TestUnit.csproj", "{CC26FBB7-1F0A-4CC6-BDA8-9E7DBAF57A52}"
EndProject
Project("{FAE04EC0-301F-11D3-BF4B-00C04F79EFBC}") = "EEDataLib", "EEDataLib\EEDataLib.csproj", "{89B93DB2-1319-44F7-9292-88CCD4F276CA}"
EndProject
Project("{FAE04EC0-301F-11D3-BF4B-00C04F79EFBC}") = "TestEEData", "TestEEData\TestEEData.csproj", "{5CAA4AA0-1810-4BE1-9349-E073BC4723C2}"
EndProject
Global
	GlobalSection(SolutionConfigurationPlatforms) = preSolution
		Debug|Any CPU = Debug|Any CPU
		Release|Any CPU = Release|Any CPU
	EndGlobalSection
	GlobalSection(ProjectConfigurationPlatforms) = postSolution
		{7998A86E-EAA6-490D-996D-B39250F20251}.Debug|Any CPU.ActiveCfg = Debug|Any CPU
		{7998A86E-EAA6-490D-996D-B39250F20251}.Debug|Any CPU.Build.0 = Debug|Any CPU
		{7998A86E-EAA6-490D-996D-B39250F20251}.Release|Any CPU.ActiveCfg = Release|Any CPU
		{7998A86E-EAA6-490D-996D-B39250F20251}.Release|Any CPU.Build.0 = Release|Any CPU
		{CC26FBB7-1F0A-4CC6-BDA8-9E7DBAF57A52}.Debug|Any CPU.ActiveCfg = Debug|Any CPU
		{CC26FBB7-1F0A-4CC6-BDA8-9E7DBAF57A52}.Debug|Any CPU.Build.0 = Debug|Any CPU
		{CC26FBB7-1F0A-4CC6-BDA8-9E7DBAF57A52}.Release|Any CPU.ActiveCfg = Release|Any CPU
		{CC26FBB7-1F0A-4CC6-BDA8-9E7DBAF57A52}.Release|Any CPU.Build.0 = Release|Any CPU
		{89B93DB2-1319-44F7-9292-88CCD4F276CA}.Debug|Any CPU.ActiveCfg = Debug|Any CPU
		{89B93DB2-1319-44F7-9292-88CCD4F276CA}.Debug|Any CPU.Build.0 = Debug|Any CPU
		{89B93DB2-1319-44F7-9292-88CCD4F276CA}.Release|Any CPU.ActiveCfg = Release|Any CPU
		{89B93DB2-1319-44F7-9292-88CCD4F276CA}.Release|Any CPU.Build.0 = Release|Any CPU
		{5CAA4AA0-1810-4BE1-9349-E073BC4723C2}.Debug|Any CPU.ActiveCfg = Debug|Any CPU
		{5CAA4AA0-1810-4BE1-9349-E073BC4723C2}.Debug|Any CPU.Build.0 = Debug|Any CPU
		{5CAA4AA0-1810-4BE1-9349-E073BC4723C2}.Release|Any CPU.ActiveCfg = Release|Any CPU
		{5CAA4AA0-1810-4BE1-9349-E073BC4723C2}.Release|Any CPU.Build.0 = Release|Any CPU
	EndGlobalSection
	GlobalSection(SolutionProperties) = preSolution
		HideSolutionNode = FALSE
	EndGlobalSection
	GlobalSection(ExtensibilityGlobals) = postSolution
		SolutionGuid = {F75937FB-1EFE-406E-86B1-D857E2465F43}
	EndGlobalSection
EndGlobal
